{
  "version": 4,
  "terraform_version": "1.2.2",
  "serial": 14,
  "lineage": "5fc49335-9fcc-f093-37fe-da97648f9592",
  "outputs": {},
  "resources": [
    {
      "mode": "managed",
      "type": "aws_cloudfront_distribution",
      "name": "www",
      "provider": "provider[\"registry.terraform.io/hashicorp/aws\"]",
      "instances": [
        {
          "schema_version": 1,
          "attributes": {
            "aliases": [
              "dev.rgb.industries",
              "rgb.industries",
              "www.rgb.industries"
            ],
            "arn": "arn:aws:cloudfront::072445992302:distribution/EJCQDZWYPAS9C",
            "caller_reference": "terraform-20230214054850974100000001",
            "comment": null,
            "custom_error_response": [],
            "default_cache_behavior": [
              {
                "allowed_methods": [
                  "GET",
                  "HEAD"
                ],
                "cache_policy_id": "",
                "cached_methods": [
                  "GET",
                  "HEAD"
                ],
                "compress": true,
                "default_ttl": 86400,
                "field_level_encryption_id": "",
                "forwarded_values": [
                  {
                    "cookies": [
                      {
                        "forward": "none",
                        "whitelisted_names": []
                      }
                    ],
                    "headers": [],
                    "query_string": false,
                    "query_string_cache_keys": []
                  }
                ],
                "function_association": [],
                "lambda_function_association": [],
                "max_ttl": 31536000,
                "min_ttl": 0,
                "origin_request_policy_id": "",
                "realtime_log_config_arn": "",
                "response_headers_policy_id": "",
                "smooth_streaming": false,
                "target_origin_id": "rgb.industries",
                "trusted_key_groups": [],
                "trusted_signers": [],
                "viewer_protocol_policy": "redirect-to-https"
              }
            ],
            "default_root_object": "index.html",
            "domain_name": "dwe9dw726xvjk.cloudfront.net",
            "enabled": true,
            "etag": "E6TSRO7CMIU7L",
            "hosted_zone_id": "Z2FDTNDATAQYW2",
            "http_version": "http2",
            "id": "EJCQDZWYPAS9C",
            "in_progress_validation_batches": 0,
            "is_ipv6_enabled": false,
            "last_modified_time": "2023-02-14 05:48:53.172 +0000 UTC",
            "logging_config": [],
            "ordered_cache_behavior": [],
            "origin": [
              {
                "connection_attempts": 3,
                "connection_timeout": 10,
                "custom_header": [],
                "custom_origin_config": [
                  {
                    "http_port": 80,
                    "https_port": 443,
                    "origin_keepalive_timeout": 5,
                    "origin_protocol_policy": "http-only",
                    "origin_read_timeout": 30,
                    "origin_ssl_protocols": [
                      "TLSv1",
                      "TLSv1.1",
                      "TLSv1.2"
                    ]
                  }
                ],
                "domain_name": "rgb.industries.s3-website-us-west-2.amazonaws.com",
                "origin_access_control_id": "",
                "origin_id": "rgb.industries",
                "origin_path": "",
                "origin_shield": [],
                "s3_origin_config": []
              }
            ],
            "origin_group": [],
            "price_class": "PriceClass_All",
            "restrictions": [
              {
                "geo_restriction": [
                  {
                    "locations": [],
                    "restriction_type": "none"
                  }
                ]
              }
            ],
            "retain_on_delete": false,
            "status": "Deployed",
            "tags": {},
            "tags_all": {},
            "trusted_key_groups": [
              {
                "enabled": false,
                "items": []
              }
            ],
            "trusted_signers": [
              {
                "enabled": false,
                "items": []
              }
            ],
            "viewer_certificate": [
              {
                "acm_certificate_arn": "arn:aws:acm:us-east-1:072445992302:certificate/fa380625-f4a9-40e1-a18b-a9473182b29c",
                "cloudfront_default_certificate": false,
                "iam_certificate_id": "",
                "minimum_protocol_version": "TLSv1",
                "ssl_support_method": "sni-only"
              }
            ],
            "wait_for_deployment": true,
            "web_acl_id": ""
          },
          "sensitive_attributes": [],
          "private": "eyJzY2hlbWFfdmVyc2lvbiI6IjEifQ==",
          "dependencies": [
            "aws_s3_bucket.domain"
          ]
        }
      ]
    },
    {
      "mode": "managed",
      "type": "aws_route53_record",
      "name": "dev",
      "provider": "provider[\"registry.terraform.io/hashicorp/aws\"]",
      "instances": [
        {
          "schema_version": 2,
          "attributes": {
            "alias": [
              {
                "evaluate_target_health": false,
                "name": "s3-website-us-west-2.amazonaws.com",
                "zone_id": "Z3BJ6K6RIION7M"
              }
            ],
            "allow_overwrite": null,
            "failover_routing_policy": [],
            "fqdn": "dev.rgb.industries",
            "geolocation_routing_policy": [],
            "health_check_id": "",
            "id": "Z0579842S50NFBB27H0T_dev.rgb.industries_A",
            "latency_routing_policy": [],
            "multivalue_answer_routing_policy": false,
            "name": "dev.rgb.industries",
            "records": [],
            "set_identifier": "",
            "ttl": 0,
            "type": "A",
            "weighted_routing_policy": [],
            "zone_id": "Z0579842S50NFBB27H0T"
          },
          "sensitive_attributes": [],
          "private": "eyJzY2hlbWFfdmVyc2lvbiI6IjIifQ==",
          "dependencies": [
            "aws_route53_zone.main",
            "aws_s3_bucket.domain"
          ]
        }
      ]
    },
    {
      "mode": "managed",
      "type": "aws_route53_record",
      "name": "main",
      "provider": "provider[\"registry.terraform.io/hashicorp/aws\"]",
      "instances": [
        {
          "schema_version": 2,
          "attributes": {
            "alias": [
              {
                "evaluate_target_health": false,
                "name": "dwe9dw726xvjk.cloudfront.net",
                "zone_id": "Z2FDTNDATAQYW2"
              }
            ],
            "allow_overwrite": null,
            "failover_routing_policy": [],
            "fqdn": "rgb.industries",
            "geolocation_routing_policy": [],
            "health_check_id": "",
            "id": "Z0579842S50NFBB27H0T_rgb.industries_A",
            "latency_routing_policy": [],
            "multivalue_answer_routing_policy": false,
            "name": "rgb.industries",
            "records": [],
            "set_identifier": "",
            "ttl": 0,
            "type": "A",
            "weighted_routing_policy": [],
            "zone_id": "Z0579842S50NFBB27H0T"
          },
          "sensitive_attributes": [],
          "private": "eyJzY2hlbWFfdmVyc2lvbiI6IjIifQ==",
          "dependencies": [
            "aws_cloudfront_distribution.www",
            "aws_route53_zone.main",
            "aws_s3_bucket.domain"
          ]
        }
      ]
    },
    {
      "mode": "managed",
      "type": "aws_route53_record",
      "name": "www",
      "provider": "provider[\"registry.terraform.io/hashicorp/aws\"]",
      "instances": [
        {
          "schema_version": 2,
          "attributes": {
            "alias": [
              {
                "evaluate_target_health": false,
                "name": "dwe9dw726xvjk.cloudfront.net",
                "zone_id": "Z2FDTNDATAQYW2"
              }
            ],
            "allow_overwrite": null,
            "failover_routing_policy": [],
            "fqdn": "www.rgb.industries",
            "geolocation_routing_policy": [],
            "health_check_id": "",
            "id": "Z0579842S50NFBB27H0T_www.rgb.industries_A",
            "latency_routing_policy": [],
            "multivalue_answer_routing_policy": false,
            "name": "www.rgb.industries",
            "records": [],
            "set_identifier": "",
            "ttl": 0,
            "type": "A",
            "weighted_routing_policy": [],
            "zone_id": "Z0579842S50NFBB27H0T"
          },
          "sensitive_attributes": [],
          "private": "eyJzY2hlbWFfdmVyc2lvbiI6IjIifQ==",
          "dependencies": [
            "aws_cloudfront_distribution.www",
            "aws_route53_zone.main",
            "aws_s3_bucket.domain"
          ]
        }
      ]
    },
    {
      "mode": "managed",
      "type": "aws_route53_zone",
      "name": "main",
      "provider": "provider[\"registry.terraform.io/hashicorp/aws\"]",
      "instances": [
        {
          "schema_version": 0,
          "attributes": {
            "arn": "arn:aws:route53:::hostedzone/Z0579842S50NFBB27H0T",
            "comment": "Managed by Terraform",
            "delegation_set_id": "",
            "force_destroy": false,
            "id": "Z0579842S50NFBB27H0T",
            "name": "rgb.industries",
            "name_servers": [
              "ns-1391.awsdns-45.org",
              "ns-1823.awsdns-35.co.uk",
              "ns-417.awsdns-52.com",
              "ns-568.awsdns-07.net"
            ],
            "primary_name_server": "ns-568.awsdns-07.net",
            "tags": {},
            "tags_all": {},
            "vpc": [],
            "zone_id": "Z0579842S50NFBB27H0T"
          },
          "sensitive_attributes": [],
          "private": "bnVsbA=="
        }
      ]
    },
    {
      "mode": "managed",
      "type": "aws_s3_bucket",
      "name": "domain",
      "provider": "provider[\"registry.terraform.io/hashicorp/aws\"]",
      "instances": [
        {
          "schema_version": 0,
          "attributes": {
            "acceleration_status": "",
            "acl": "public-read",
            "arn": "arn:aws:s3:::rgb.industries",
            "bucket": "rgb.industries",
            "bucket_domain_name": "rgb.industries.s3.amazonaws.com",
            "bucket_prefix": null,
            "bucket_regional_domain_name": "rgb.industries.s3.us-west-2.amazonaws.com",
            "cors_rule": [],
            "force_destroy": true,
            "grant": [
              {
                "id": "",
                "permissions": [
                  "READ"
                ],
                "type": "Group",
                "uri": "http://acs.amazonaws.com/groups/global/AllUsers"
              },
              {
                "id": "e3b1cf3c70d8d53b48bf808da8a43a9eb4e13904bc42011615004084315f547a",
                "permissions": [
                  "FULL_CONTROL"
                ],
                "type": "CanonicalUser",
                "uri": ""
              }
            ],
            "hosted_zone_id": "Z3BJ6K6RIION7M",
            "id": "rgb.industries",
            "lifecycle_rule": [],
            "logging": [],
            "object_lock_configuration": [],
            "object_lock_enabled": false,
            "policy": "{\"Statement\":[{\"Action\":[\"s3:GetObject\"],\"Effect\":\"Allow\",\"Principal\":\"*\",\"Resource\":[\"arn:aws:s3:::rgb.industries/*\"],\"Sid\":\"AddPerm\"}],\"Version\":\"2012-10-17\"}",
            "region": "us-west-2",
            "replication_configuration": [],
            "request_payer": "BucketOwner",
            "server_side_encryption_configuration": [
              {
                "rule": [
                  {
                    "apply_server_side_encryption_by_default": [
                      {
                        "kms_master_key_id": "",
                        "sse_algorithm": "AES256"
                      }
                    ],
                    "bucket_key_enabled": false
                  }
                ]
              }
            ],
            "tags": {},
            "tags_all": {},
            "timeouts": null,
            "versioning": [
              {
                "enabled": false,
                "mfa_delete": false
              }
            ],
            "website": [
              {
                "error_document": "",
                "index_document": "index.html",
                "redirect_all_requests_to": "",
                "routing_rules": ""
              }
            ],
            "website_domain": "s3-website-us-west-2.amazonaws.com",
            "website_endpoint": "rgb.industries.s3-website-us-west-2.amazonaws.com"
          },
          "sensitive_attributes": [],
          "private": "eyJlMmJmYjczMC1lY2FhLTExZTYtOGY4OC0zNDM2M2JjN2M0YzAiOnsiY3JlYXRlIjoxMjAwMDAwMDAwMDAwLCJkZWxldGUiOjM2MDAwMDAwMDAwMDAsInJlYWQiOjEyMDAwMDAwMDAwMDAsInVwZGF0ZSI6MTIwMDAwMDAwMDAwMH19"
        }
      ]
    },
    {
      "mode": "managed",
      "type": "aws_s3_bucket",
      "name": "solana-program-deployer",
      "provider": "provider[\"registry.terraform.io/hashicorp/aws\"]",
      "instances": [
        {
          "schema_version": 0,
          "attributes": {
            "acceleration_status": "",
            "acl": null,
            "arn": "arn:aws:s3:::rgb.industries-solana-program-deployer",
            "bucket": "rgb.industries-solana-program-deployer",
            "bucket_domain_name": "rgb.industries-solana-program-deployer.s3.amazonaws.com",
            "bucket_prefix": null,
            "bucket_regional_domain_name": "rgb.industries-solana-program-deployer.s3.us-west-2.amazonaws.com",
            "cors_rule": [],
            "force_destroy": false,
            "grant": [
              {
                "id": "e3b1cf3c70d8d53b48bf808da8a43a9eb4e13904bc42011615004084315f547a",
                "permissions": [
                  "FULL_CONTROL"
                ],
                "type": "CanonicalUser",
                "uri": ""
              }
            ],
            "hosted_zone_id": "Z3BJ6K6RIION7M",
            "id": "rgb.industries-solana-program-deployer",
            "lifecycle_rule": [],
            "logging": [],
            "object_lock_configuration": [],
            "object_lock_enabled": false,
            "policy": "",
            "region": "us-west-2",
            "replication_configuration": [],
            "request_payer": "BucketOwner",
            "server_side_encryption_configuration": [
              {
                "rule": [
                  {
                    "apply_server_side_encryption_by_default": [
                      {
                        "kms_master_key_id": "",
                        "sse_algorithm": "AES256"
                      }
                    ],
                    "bucket_key_enabled": false
                  }
                ]
              }
            ],
            "tags": null,
            "tags_all": {},
            "timeouts": null,
            "versioning": [
              {
                "enabled": false,
                "mfa_delete": false
              }
            ],
            "website": [],
            "website_domain": null,
            "website_endpoint": null
          },
          "sensitive_attributes": [],
          "private": "eyJlMmJmYjczMC1lY2FhLTExZTYtOGY4OC0zNDM2M2JjN2M0YzAiOnsiY3JlYXRlIjoxMjAwMDAwMDAwMDAwLCJkZWxldGUiOjM2MDAwMDAwMDAwMDAsInJlYWQiOjEyMDAwMDAwMDAwMDAsInVwZGF0ZSI6MTIwMDAwMDAwMDAwMH19"
        }
      ]
    },
    {
      "mode": "managed",
      "type": "aws_s3_bucket",
      "name": "sub-domain-dev",
      "provider": "provider[\"registry.terraform.io/hashicorp/aws\"]",
      "instances": [
        {
          "schema_version": 0,
          "attributes": {
            "acceleration_status": "",
            "acl": "public-read",
            "arn": "arn:aws:s3:::dev.rgb.industries",
            "bucket": "dev.rgb.industries",
            "bucket_domain_name": "dev.rgb.industries.s3.amazonaws.com",
            "bucket_prefix": null,
            "bucket_regional_domain_name": "dev.rgb.industries.s3.us-west-2.amazonaws.com",
            "cors_rule": [],
            "force_destroy": true,
            "grant": [
              {
                "id": "",
                "permissions": [
                  "READ"
                ],
                "type": "Group",
                "uri": "http://acs.amazonaws.com/groups/global/AllUsers"
              },
              {
                "id": "e3b1cf3c70d8d53b48bf808da8a43a9eb4e13904bc42011615004084315f547a",
                "permissions": [
                  "FULL_CONTROL"
                ],
                "type": "CanonicalUser",
                "uri": ""
              }
            ],
            "hosted_zone_id": "Z3BJ6K6RIION7M",
            "id": "dev.rgb.industries",
            "lifecycle_rule": [],
            "logging": [],
            "object_lock_configuration": [],
            "object_lock_enabled": false,
            "policy": "{\"Statement\":[{\"Action\":[\"s3:GetObject\"],\"Effect\":\"Allow\",\"Principal\":\"*\",\"Resource\":[\"arn:aws:s3:::dev.rgb.industries/*\"],\"Sid\":\"AddPerm\"}],\"Version\":\"2012-10-17\"}",
            "region": "us-west-2",
            "replication_configuration": [],
            "request_payer": "BucketOwner",
            "server_side_encryption_configuration": [
              {
                "rule": [
                  {
                    "apply_server_side_encryption_by_default": [
                      {
                        "kms_master_key_id": "",
                        "sse_algorithm": "AES256"
                      }
                    ],
                    "bucket_key_enabled": false
                  }
                ]
              }
            ],
            "tags": {},
            "tags_all": {},
            "timeouts": null,
            "versioning": [
              {
                "enabled": false,
                "mfa_delete": false
              }
            ],
            "website": [
              {
                "error_document": "",
                "index_document": "index.html",
                "redirect_all_requests_to": "",
                "routing_rules": ""
              }
            ],
            "website_domain": "s3-website-us-west-2.amazonaws.com",
            "website_endpoint": "dev.rgb.industries.s3-website-us-west-2.amazonaws.com"
          },
          "sensitive_attributes": [],
          "private": "eyJlMmJmYjczMC1lY2FhLTExZTYtOGY4OC0zNDM2M2JjN2M0YzAiOnsiY3JlYXRlIjoxMjAwMDAwMDAwMDAwLCJkZWxldGUiOjM2MDAwMDAwMDAwMDAsInJlYWQiOjEyMDAwMDAwMDAwMDAsInVwZGF0ZSI6MTIwMDAwMDAwMDAwMH19"
        }
      ]
    },
    {
      "mode": "managed",
      "type": "aws_s3_bucket",
      "name": "sub-domain-www",
      "provider": "provider[\"registry.terraform.io/hashicorp/aws\"]",
      "instances": [
        {
          "schema_version": 0,
          "attributes": {
            "acceleration_status": "",
            "acl": null,
            "arn": "arn:aws:s3:::www.rgb.industries",
            "bucket": "www.rgb.industries",
            "bucket_domain_name": "www.rgb.industries.s3.amazonaws.com",
            "bucket_prefix": null,
            "bucket_regional_domain_name": "www.rgb.industries.s3.us-west-2.amazonaws.com",
            "cors_rule": [],
            "force_destroy": true,
            "grant": [
              {
                "id": "e3b1cf3c70d8d53b48bf808da8a43a9eb4e13904bc42011615004084315f547a",
                "permissions": [
                  "FULL_CONTROL"
                ],
                "type": "CanonicalUser",
                "uri": ""
              }
            ],
            "hosted_zone_id": "Z3BJ6K6RIION7M",
            "id": "www.rgb.industries",
            "lifecycle_rule": [],
            "logging": [],
            "object_lock_configuration": [],
            "object_lock_enabled": false,
            "policy": "",
            "region": "us-west-2",
            "replication_configuration": [],
            "request_payer": "BucketOwner",
            "server_side_encryption_configuration": [
              {
                "rule": [
                  {
                    "apply_server_side_encryption_by_default": [
                      {
                        "kms_master_key_id": "",
                        "sse_algorithm": "AES256"
                      }
                    ],
                    "bucket_key_enabled": false
                  }
                ]
              }
            ],
            "tags": {},
            "tags_all": {},
            "timeouts": null,
            "versioning": [
              {
                "enabled": false,
                "mfa_delete": false
              }
            ],
            "website": [
              {
                "error_document": "",
                "index_document": "",
                "redirect_all_requests_to": "rgb.industries",
                "routing_rules": ""
              }
            ],
            "website_domain": "s3-website-us-west-2.amazonaws.com",
            "website_endpoint": "www.rgb.industries.s3-website-us-west-2.amazonaws.com"
          },
          "sensitive_attributes": [],
          "private": "eyJlMmJmYjczMC1lY2FhLTExZTYtOGY4OC0zNDM2M2JjN2M0YzAiOnsiY3JlYXRlIjoxMjAwMDAwMDAwMDAwLCJkZWxldGUiOjM2MDAwMDAwMDAwMDAsInJlYWQiOjEyMDAwMDAwMDAwMDAsInVwZGF0ZSI6MTIwMDAwMDAwMDAwMH19"
        }
      ]
    }
  ]
}
